{
  "originHash" : "a32647e215124ff989e627c2df3893097a797936fad476bbaaebdf7b26bfd331",
  "pins" : [
    {
      "identity" : "audiokit",
      "kind" : "remoteSourceControl",
      "location" : "https://github.com/AudioKit/AudioKit",
      "state" : {
        "revision" : "2ebd422855e4645d3169f83d1765d1c8196b4f46",
        "version" : "5.6.4"
      }
    },
    {
      "identity" : "audiokitex",
      "kind" : "remoteSourceControl",
      "location" : "https://github.com/AudioKit/AudioKitEX",
      "state" : {
        "revision" : "cb1a1276978ffc08e00d4774c0617aa8a58a17c4",
        "version" : "5.6.1"
      }
    },
    {
      "identity" : "compilerswiftai",
      "kind" : "remoteSourceControl",
      "location" : "https://github.com/Compiler-Inc/CompilerSwiftAI",
      "state" : {
        "branch" : "main",
        "revision" : "95e0fbba960504e1678c94dc09d4a37b914f9b67"
      }
    },
    {
      "identity" : "kissfft",
      "kind" : "remoteSourceControl",
      "location" : "https://github.com/AudioKit/KissFFT",
      "state" : {
        "revision" : "dd0636e151724b8ba2e0908eba4d99a6ff24d00c",
        "version" : "1.0.0"
      }
    },
    {
      "identity" : "soundpipeaudiokit",
      "kind" : "remoteSourceControl",
      "location" : "https://github.com/AudioKit/SoundpipeAudioKit.git",
      "state" : {
        "revision" : "ee7d9542078ae48b24744a67c0350a12f9de354b",
        "version" : "5.6.1"
      }
    }
  ],
  "version" : 3
}
